<?xml version="1.0" encoding="utf-8"?>
<Project ToolsVersion="4.0" xmlns="http://schemas.microsoft.com/developer/msbuild/2003">
  <ItemGroup>
    <Filter Include="Form Files">
      <UniqueIdentifier>{99349809-55BA-4b9d-BF79-8FDBB0286EB3}</UniqueIdentifier>
      <Extensions>ui</Extensions>
      <ParseFiles>false</ParseFiles>
    </Filter>
    <Filter Include="Generated Files">
      <UniqueIdentifier>{71ED8ED8-ACB9-4CE9-BBE1-E00B30144E11}</UniqueIdentifier>
      <Extensions>cpp;c;cxx;moc;h;def;odl;idl;res</Extensions>
    </Filter>
    <Filter Include="Header Files">
      <UniqueIdentifier>{93995380-89BD-4b04-88EB-625FBE52EBFB}</UniqueIdentifier>
      <Extensions>h;hpp;hxx;hm;inl;inc;xsd</Extensions>
    </Filter>
    <Filter Include="Resource Files">
      <UniqueIdentifier>{D9D6E242-F8AF-46E4-B9FD-80ECBC20BA3E}</UniqueIdentifier>
      <Extensions>qrc;*</Extensions>
      <ParseFiles>false</ParseFiles>
    </Filter>
    <Filter Include="Source Files">
      <UniqueIdentifier>{4FC737F1-C7A5-4376-A066-2A32D752A2FF}</UniqueIdentifier>
      <Extensions>cpp;c;cxx;def;odl;idl;hpj;bat;asm;asmx</Extensions>
    </Filter>
  </ItemGroup>
  <ItemGroup>
    <ClCompile Include="src\QtGUI\DrawHelpers.cc">
      <Filter>Source Files</Filter>
    </ClCompile>
    <ClCompile Include="src\QtGUI\ISpy3DView.cc">
      <Filter>Source Files</Filter>
    </ClCompile>
    <ClCompile Include="src\QtGUI\ISpyApplication.cc">
      <Filter>Source Files</Filter>
    </ClCompile>
    <ClCompile Include="src\QtGUI\ISpyEventFilter.cc">
      <Filter>Source Files</Filter>
    </ClCompile>
    <ClCompile Include="src\QtGUI\ISpyListView.cc">
      <Filter>Source Files</Filter>
    </ClCompile>
    <ClCompile Include="src\QtGUI\ISpyMainWindow.cc">
      <Filter>Source Files</Filter>
    </ClCompile>
    <ClCompile Include="src\QtGUI\ISpySplashScreen.cc">
      <Filter>Source Files</Filter>
    </ClCompile>
    <ClCompile Include="src\QtGUI\Ig3DBaseModel.cc">
      <Filter>Source Files</Filter>
    </ClCompile>
    <ClCompile Include="src\Framework\IgArchive.cc">
      <Filter>Source Files</Filter>
    </ClCompile>
    <ClCompile Include="src\Framework\IgCollection.cc">
      <Filter>Source Files</Filter>
    </ClCompile>
    <ClCompile Include="src\QtGUI\IgCollectionListModel.cc">
      <Filter>Source Files</Filter>
    </ClCompile>
    <ClCompile Include="src\QtGUI\IgCollectionTableModel.cc">
      <Filter>Source Files</Filter>
    </ClCompile>
    <ClCompile Include="src\QtGUI\IgDataStorageTableModel.cc">
      <Filter>Source Files</Filter>
    </ClCompile>
    <ClCompile Include="src\QtGUI\IgDrawSplinesHelper.cc">
      <Filter>Source Files</Filter>
    </ClCompile>
    <ClCompile Include="src\QtGUI\IgDrawTowerHelper.cc">
      <Filter>Source Files</Filter>
    </ClCompile>
    <ClCompile Include="src\QtGUI\IgLocationDialog.cc">
      <Filter>Source Files</Filter>
    </ClCompile>
    <ClCompile Include="src\QtGUI\IgMultiStorageTreeModel.cc">
      <Filter>Source Files</Filter>
    </ClCompile>
    <ClCompile Include="src\QtGUI\IgNetworkReplyHandler.cc">
      <Filter>Source Files</Filter>
    </ClCompile>
    <ClCompile Include="src\QtGUI\IgSettingsEditor.cc">
      <Filter>Source Files</Filter>
    </ClCompile>
    <ClCompile Include="src\QtGUI\IgSettingsTree.cc">
      <Filter>Source Files</Filter>
    </ClCompile>
    <ClCompile Include="src\QtGUI\IgSoGridPlane.cc">
      <Filter>Source Files</Filter>
    </ClCompile>
    <ClCompile Include="src\QtGUI\IgSoGridPlaneMap.cc">
      <Filter>Source Files</Filter>
    </ClCompile>
    <ClCompile Include="src\QtGUI\IgSoJet.cc">
      <Filter>Source Files</Filter>
    </ClCompile>
    <ClCompile Include="src\QtGUI\IgSoPlaneManip.cc">
      <Filter>Source Files</Filter>
    </ClCompile>
    <ClCompile Include="src\QtGUI\IgSoShapeKit.cc">
      <Filter>Source Files</Filter>
    </ClCompile>
    <ClCompile Include="src\Framework\IgTokenizer.cc">
      <Filter>Source Files</Filter>
    </ClCompile>
    <ClCompile Include="src\QtGUI\IgVariantDelegate.cc">
      <Filter>Source Files</Filter>
    </ClCompile>
    <ClCompile Include="src\QtGUI\Projectors.cc">
      <Filter>Source Files</Filter>
    </ClCompile>
    <ClCompile Include="src\QtGUI\bin\ispy.cpp">
      <Filter>Source Files</Filter>
    </ClCompile>
    <ClCompile Include="tmp\moc_ISpy3DView.cpp">
      <Filter>Generated Files</Filter>
    </ClCompile>
    <ClCompile Include="tmp\moc_ISpyApplication.cpp">
      <Filter>Generated Files</Filter>
    </ClCompile>
    <ClCompile Include="tmp\moc_ISpyEventFilter.cpp">
      <Filter>Generated Files</Filter>
    </ClCompile>
    <ClCompile Include="tmp\moc_ISpyMainWindow.cpp">
      <Filter>Generated Files</Filter>
    </ClCompile>
    <ClCompile Include="tmp\moc_ISpySplashScreen.cpp">
      <Filter>Generated Files</Filter>
    </ClCompile>
    <ClCompile Include="tmp\moc_IgCollectionListModel.cpp">
      <Filter>Generated Files</Filter>
    </ClCompile>
    <ClCompile Include="tmp\moc_IgCollectionTableModel.cpp">
      <Filter>Generated Files</Filter>
    </ClCompile>
    <ClCompile Include="tmp\moc_IgDataStorageTableModel.cpp">
      <Filter>Generated Files</Filter>
    </ClCompile>
    <ClCompile Include="tmp\moc_IgLocationDialog.cpp">
      <Filter>Generated Files</Filter>
    </ClCompile>
    <ClCompile Include="tmp\moc_IgMultiStorageTreeModel.cpp">
      <Filter>Generated Files</Filter>
    </ClCompile>
    <ClCompile Include="tmp\moc_IgNetworkReplyHandler.cpp">
      <Filter>Generated Files</Filter>
    </ClCompile>
    <ClCompile Include="tmp\moc_IgSettingsEditor.cpp">
      <Filter>Generated Files</Filter>
    </ClCompile>
    <ClCompile Include="tmp\moc_IgSettingsTree.cpp">
      <Filter>Generated Files</Filter>
    </ClCompile>
    <ClCompile Include="tmp\moc_IgVariantDelegate.cpp">
      <Filter>Generated Files</Filter>
    </ClCompile>
    <ClCompile Include="GeneratedFiles\qrc_ispy.cpp">
      <Filter>Generated Files</Filter>
    </ClCompile>
    <ClCompile Include="src\Framework\ioapi.c">
      <Filter>Generated Files</Filter>
    </ClCompile>
    <ClCompile Include="src\Framework\unzip.c">
      <Filter>Generated Files</Filter>
    </ClCompile>
  </ItemGroup>
  <ItemGroup>
    <CustomBuild Include="src\QtGUI\ISpy3DView.h">
      <Filter>Header Files</Filter>
    </CustomBuild>
    <CustomBuild Include="src\QtGUI\ISpyApplication.h">
      <Filter>Header Files</Filter>
    </CustomBuild>
    <CustomBuild Include="src\QtGUI\ISpyEventFilter.h">
      <Filter>Header Files</Filter>
    </CustomBuild>
    <CustomBuild Include="src\QtGUI\ISpyMainWindow.h">
      <Filter>Header Files</Filter>
    </CustomBuild>
    <CustomBuild Include="src\QtGUI\ISpySplashScreen.h">
      <Filter>Header Files</Filter>
    </CustomBuild>
    <CustomBuild Include="src\QtGUI\IgCollectionListModel.h">
      <Filter>Header Files</Filter>
    </CustomBuild>
    <CustomBuild Include="src\QtGUI\IgCollectionTableModel.h">
      <Filter>Header Files</Filter>
    </CustomBuild>
    <CustomBuild Include="src\QtGUI\IgDataStorageTableModel.h">
      <Filter>Header Files</Filter>
    </CustomBuild>
    <CustomBuild Include="src\QtGUI\IgLocationDialog.h">
      <Filter>Header Files</Filter>
    </CustomBuild>
    <CustomBuild Include="src\QtGUI\IgMultiStorageTreeModel.h">
      <Filter>Header Files</Filter>
    </CustomBuild>
    <CustomBuild Include="src\QtGUI\IgNetworkReplyHandler.h">
      <Filter>Header Files</Filter>
    </CustomBuild>
    <CustomBuild Include="src\QtGUI\IgSettingsEditor.h">
      <Filter>Header Files</Filter>
    </CustomBuild>
    <CustomBuild Include="src\QtGUI\IgSettingsTree.h">
      <Filter>Header Files</Filter>
    </CustomBuild>
    <CustomBuild Include="src\QtGUI\IgVariantDelegate.h">
      <Filter>Header Files</Filter>
    </CustomBuild>
  </ItemGroup>
  <ItemGroup>
    <CustomBuild Include="src\QtGUI\ISpyListView.ui">
      <Filter>Form Files</Filter>
    </CustomBuild>
    <CustomBuild Include="src\QtGUI\ISpySplashScreen.ui">
      <Filter>Form Files</Filter>
    </CustomBuild>
    <CustomBuild Include="src\QtGUI\IgMainWindowMDI.ui">
      <Filter>Form Files</Filter>
    </CustomBuild>
    <CustomBuild Include="src\QtGUI\IgSettingsEditorMainWindow.ui">
      <Filter>Form Files</Filter>
    </CustomBuild>
    <CustomBuild Include="src\Framework\crypt.h">
      <Filter>Generated Files</Filter>
    </CustomBuild>
    <CustomBuild Include="src\QtGUI\DrawHelpers.h">
      <Filter>Generated Files</Filter>
    </CustomBuild>
    <CustomBuild Include="src\QtGUI\Ig3DBaseModel.h">
      <Filter>Generated Files</Filter>
    </CustomBuild>
    <CustomBuild Include="src\Framework\IgArchive.h">
      <Filter>Generated Files</Filter>
    </CustomBuild>
    <CustomBuild Include="src\Framework\IgCollection.h">
      <Filter>Generated Files</Filter>
    </CustomBuild>
    <CustomBuild Include="src\QtGUI\IgDrawSplinesHelper.h">
      <Filter>Generated Files</Filter>
    </CustomBuild>
    <CustomBuild Include="src\QtGUI\IgDrawTowerHelper.h">
      <Filter>Generated Files</Filter>
    </CustomBuild>
    <CustomBuild Include="src\Framework\IgLinearAlgebra.h">
      <Filter>Generated Files</Filter>
    </CustomBuild>
    <CustomBuild Include="src\Framework\IgParser.h">
      <Filter>Generated Files</Filter>
    </CustomBuild>
    <CustomBuild Include="src\QtGUI\IgSoGridPlane.h">
      <Filter>Generated Files</Filter>
    </CustomBuild>
    <CustomBuild Include="src\QtGUI\IgSoGridPlaneMap.h">
      <Filter>Generated Files</Filter>
    </CustomBuild>
    <CustomBuild Include="src\QtGUI\IgSoJet.h">
      <Filter>Generated Files</Filter>
    </CustomBuild>
    <CustomBuild Include="src\QtGUI\IgSoPlaneManip.h">
      <Filter>Generated Files</Filter>
    </CustomBuild>
    <CustomBuild Include="src\QtGUI\IgSoShapeKit.h">
      <Filter>Generated Files</Filter>
    </CustomBuild>
    <CustomBuild Include="src\Framework\IgStyleParser.h">
      <Filter>Generated Files</Filter>
    </CustomBuild>
    <CustomBuild Include="src\Framework\IgTokenizer.h">
      <Filter>Generated Files</Filter>
    </CustomBuild>
    <CustomBuild Include="src\Framework\ioapi.h">
      <Filter>Generated Files</Filter>
    </CustomBuild>
    <CustomBuild Include="src\Framework\iowin32.h">
      <Filter>Generated Files</Filter>
    </CustomBuild>
    <CustomBuild Include="src\QtGUI\ISpyConsumer.h">
      <Filter>Generated Files</Filter>
    </CustomBuild>
    <CustomBuild Include="src\QtGUI\ISpyListView.h">
      <Filter>Generated Files</Filter>
    </CustomBuild>
    <CustomBuild Include="src\QtGUI\LayoutParser.h">
      <Filter>Generated Files</Filter>
    </CustomBuild>
    <CustomBuild Include="src\QtGUI\Projectors.h">
      <Filter>Generated Files</Filter>
    </CustomBuild>
    <CustomBuild Include="src\Framework\SimpleSAXParser.h">
      <Filter>Generated Files</Filter>
    </CustomBuild>
    <CustomBuild Include="src\QtGUI\Style.h">
      <Filter>Generated Files</Filter>
    </CustomBuild>
    <CustomBuild Include="src\Framework\unzip.h">
      <Filter>Generated Files</Filter>
    </CustomBuild>
    <CustomBuild Include="ui\ui_IgMainWindowMDI.h">
      <Filter>Generated Files</Filter>
    </CustomBuild>
    <CustomBuild Include="ui\ui_IgSettingsEditorMainWindow.h">
      <Filter>Generated Files</Filter>
    </CustomBuild>
    <CustomBuild Include="ui\ui_ISpyListView.h">
      <Filter>Generated Files</Filter>
    </CustomBuild>
    <CustomBuild Include="ui\ui_ISpySplashScreen.h">
      <Filter>Generated Files</Filter>
    </CustomBuild>
  </ItemGroup>
  <ItemGroup>
    <CustomBuild Include="src\QtGUI\resources\ispy.qrc">
      <Filter>Resource Files</Filter>
    </CustomBuild>
  </ItemGroup>
</Project>